
Microsoft Visual Studio Solution File, Format Version 12.00
# Visual Studio Version 16
VisualStudioVersion = 16.0.29509.3
MinimumVisualStudioVersion = 10.0.40219.1
Project("{FAE04EC0-301F-11D3-BF4B-00C04F79EFBC}") = "GlobalWeatherReact", "GlobalWeatherReact\GlobalWeatherReact.csproj", "{426376DC-2874-4B63-97AB-9691507E51DD}"
EndProject
Global
	GlobalSection(SolutionConfigurationPlatforms) = preSolution
		Debug|Any CPU = Debug|Any CPU
		Release|Any CPU = Release|Any CPU
	EndGlobalSection
	GlobalSection(ProjectConfigurationPlatforms) = postSolution
		{426376DC-2874-4B63-97AB-9691507E51DD}.Debug|Any CPU.ActiveCfg = Debug|Any CPU
		{426376DC-2874-4B63-97AB-9691507E51DD}.Debug|Any CPU.Build.0 = Debug|Any CPU
		{426376DC-2874-4B63-97AB-9691507E51DD}.Release|Any CPU.ActiveCfg = Release|Any CPU
		{426376DC-2874-4B63-97AB-9691507E51DD}.Release|Any CPU.Build.0 = Release|Any CPU
	EndGlobalSection
	GlobalSection(SolutionProperties) = preSolution
		HideSolutionNode = FALSE
	EndGlobalSection
	GlobalSection(ExtensibilityGlobals) = postSolution
		SolutionGuid = {7C8EC0DB-4D07-4ACF-A4BB-8EC4C5E50275}
	EndGlobalSection
EndGlobal
